
Microsoft Visual Studio Solution File, Format Version 12.00
# Visual Studio Version 16
VisualStudioVersion = 16.0.30413.136
MinimumVisualStudioVersion = 10.0.40219.1
Project("{9092AA53-FB77-4645-B42D-1CCCA6BD08BD}") = "ImageDownloadPdf", "ImageDownloadPdf.njsproj", "{9425F02C-F001-4DAE-9FCE-DBF4176435D9}"
EndProject
Global
	GlobalSection(SolutionConfigurationPlatforms) = preSolution
		Debug|Any CPU = Debug|Any CPU
		Release|Any CPU = Release|Any CPU
	EndGlobalSection
	GlobalSection(ProjectConfigurationPlatforms) = postSolution
		{9425F02C-F001-4DAE-9FCE-DBF4176435D9}.Debug|Any CPU.ActiveCfg = Debug|Any CPU
		{9425F02C-F001-4DAE-9FCE-DBF4176435D9}.Debug|Any CPU.Build.0 = Debug|Any CPU
		{9425F02C-F001-4DAE-9FCE-DBF4176435D9}.Release|Any CPU.ActiveCfg = Release|Any CPU
		{9425F02C-F001-4DAE-9FCE-DBF4176435D9}.Release|Any CPU.Build.0 = Release|Any CPU
	EndGlobalSection
	GlobalSection(SolutionProperties) = preSolution
		HideSolutionNode = FALSE
	EndGlobalSection
	GlobalSection(ExtensibilityGlobals) = postSolution
		SolutionGuid = {30B40F79-AC89-49EA-A8C0-73008531F305}
	EndGlobalSection
EndGlobal
